// !$*UTF8*$!
{
	archiveVersion = 1;
	classes = {
	};
	objectVersion = 55;
	objects = {

/* Begin PBXBuildFile section */
		972E887127C60EB600E2BF94 /* AppDelegate.swift in Sources */ = {isa = PBXBuildFile; fileRef = 972E887027C60EB600E2BF94 /* AppDelegate.swift */; };
		972E887327C60EB600E2BF94 /* SceneDelegate.swift in Sources */ = {isa = PBXBuildFile; fileRef = 972E887227C60EB600E2BF94 /* SceneDelegate.swift */; };
		972E887527C60EB600E2BF94 /* ViewController.swift in Sources */ = {isa = PBXBuildFile; fileRef = 972E887427C60EB600E2BF94 /* ViewController.swift */; };
		972E887827C60EB600E2BF94 /* Main.storyboard in Resources */ = {isa = PBXBuildFile; fileRef = 972E887627C60EB600E2BF94 /* Main.storyboard */; };
		972E887A27C60EBB00E2BF94 /* Assets.xcassets in Resources */ = {isa = PBXBuildFile; fileRef = 972E887927C60EBB00E2BF94 /* Assets.xcassets */; };
		972E887D27C60EBB00E2BF94 /* LaunchScreen.storyboard in Resources */ = {isa = PBXBuildFile; fileRef = 972E887B27C60EBB00E2BF94 /* LaunchScreen.storyboard */; };
		972E888827C60EBC00E2BF94 /* UIMenuDemoTests.swift in Sources */ = {isa = PBXBuildFile; fileRef = 972E888727C60EBC00E2BF94 /* UIMenuDemoTests.swift */; };
		972E889227C60EBC00E2BF94 /* UIMenuDemoUITests.swift in Sources */ = {isa = PBXBuildFile; fileRef = 972E889127C60EBC00E2BF94 /* UIMenuDemoUITests.swift */; };
		972E889427C60EBC00E2BF94 /* UIMenuDemoUITestsLaunchTests.swift in Sources */ = {isa = PBXBuildFile; fileRef = 972E889327C60EBC00E2BF94 /* UIMenuDemoUITestsLaunchTests.swift */; };
/* End PBXBuildFile section */

/* Begin PBXContainerItemProxy section */
		972E888427C60EBC00E2BF94 /* PBXContainerItemProxy */ = {
			isa = PBXContainerItemProxy;
			containerPortal = 972E886527C60EB600E2BF94 /* Project object */;
			proxyType = 1;
			remoteGlobalIDString = 972E886C27C60EB600E2BF94;
			remoteInfo = UIMenuDemo;
		};
		972E888E27C60EBC00E2BF94 /* PBXContainerItemProxy */ = {
			isa = PBXContainerItemProxy;
			containerPortal = 972E886527C60EB600E2BF94 /* Project object */;
			proxyType = 1;
			remoteGlobalIDString = 972E886C27C60EB600E2BF94;
			remoteInfo = UIMenuDemo;
		};
/* End PBXContainerItemProxy section */

/* Begin PBXFileReference section */
		972E886D27C60EB600E2BF94 /* UIMenuDemo.app */ = {isa = PBXFileReference; explicitFileType = wrapper.application; includeInIndex = 0; path = UIMenuDemo.app; sourceTree = BUILT_PRODUCTS_DIR; };
		972E887027C60EB600E2BF94 /* AppDelegate.swift */ = {isa = PBXFileReference; lastKnownFileType = sourcecode.swift; path = AppDelegate.swift; sourceTree = "<group>"; };
		972E887227C60EB600E2BF94 /* SceneDelegate.swift */ = {isa = PBXFileReference; lastKnownFileType = sourcecode.swift; path = SceneDelegate.swift; sourceTree = "<group>"; };
		972E887427C60EB600E2BF94 /* ViewController.swift */ = {isa = PBXFileReference; lastKnownFileType = sourcecode.swift; path = ViewController.swift; sourceTree = "<group>"; };
		972E887727C60EB600E2BF94 /* Base */ = {isa = PBXFileReference; lastKnownFileType = file.storyboard; name = Base; path = Base.lproj/Main.storyboard; sourceTree = "<group>"; };
		972E887927C60EBB00E2BF94 /* Assets.xcassets */ = {isa = PBXFileReference; lastKnownFileType = folder.assetcatalog; path = Assets.xcassets; sourceTree = "<group>"; };
		972E887C27C60EBB00E2BF94 /* Base */ = {isa = PBXFileReference; lastKnownFileType = file.storyboard; name = Base; path = Base.lproj/LaunchScreen.storyboard; sourceTree = "<group>"; };
		972E887E27C60EBB00E2BF94 /* Info.plist */ = {isa = PBXFileReference; lastKnownFileType = text.plist.xml; path = Info.plist; sourceTree = "<group>"; };
		972E888327C60EBC00E2BF94 /* UIMenuDemoTests.xctest */ = {isa = PBXFileReference; explicitFileType = wrapper.cfbundle; includeInIndex = 0; path = UIMenuDemoTests.xctest; sourceTree = BUILT_PRODUCTS_DIR; };
		972E888727C60EBC00E2BF94 /* UIMenuDemoTests.swift */ = {isa = PBXFileReference; lastKnownFileType = sourcecode.swift; path = UIMenuDemoTests.swift; sourceTree = "<group>"; };
		972E888D27C60EBC00E2BF94 /* UIMenuDemoUITests.xctest */ = {isa = PBXFileReference; explicitFileType = wrapper.cfbundle; includeInIndex = 0; path = UIMenuDemoUITests.xctest; sourceTree = BUILT_PRODUCTS_DIR; };
		972E889127C60EBC00E2BF94 /* UIMenuDemoUITests.swift */ = {isa = PBXFileReference; lastKnownFileType = sourcecode.swift; path = UIMenuDemoUITests.swift; sourceTree = "<group>"; };
		972E889327C60EBC00E2BF94 /* UIMenuDemoUITestsLaunchTests.swift */ = {isa = PBXFileReference; lastKnownFileType = sourcecode.swift; path = UIMenuDemoUITestsLaunchTests.swift; sourceTree = "<group>"; };
/* End PBXFileReference section */

/* Begin PBXFrameworksBuildPhase section */
		972E886A27C60EB600E2BF94 /* Frameworks */ = {
			isa = PBXFrameworksBuildPhase;
			buildActionMask = 2147483647;
			files = (
			);
			runOnlyForDeploymentPostprocessing = 0;
		};
		972E888027C60EBC00E2BF94 /* Frameworks */ = {
			isa = PBXFrameworksBuildPhase;
			buildActionMask = 2147483647;
			files = (
			);
			runOnlyForDeploymentPostprocessing = 0;
		};
		972E888A27C60EBC00E2BF94 /* Frameworks */ = {
			isa = PBXFrameworksBuildPhase;
			buildActionMask = 2147483647;
			files = (
			);
			runOnlyForDeploymentPostprocessing = 0;
		};
/* End PBXFrameworksBuildPhase section */

/* Begin PBXGroup section */
		972E886427C60EB600E2BF94 = {
			isa = PBXGroup;
			children = (
				972E886F27C60EB600E2BF94 /* UIMenuDemo */,
				972E888627C60EBC00E2BF94 /* UIMenuDemoTests */,
				972E889027C60EBC00E2BF94 /* UIMenuDemoUITests */,
				972E886E27C60EB600E2BF94 /* Products */,
			);
			sourceTree = "<group>";
		};
		972E886E27C60EB600E2BF94 /* Products */ = {
			isa = PBXGroup;
			children = (
				972E886D27C60EB600E2BF94 /* UIMenuDemo.app */,
				972E888327C60EBC00E2BF94 /* UIMenuDemoTests.xctest */,
				972E888D27C60EBC00E2BF94 /* UIMenuDemoUITests.xctest */,
			);
			name = Products;
			sourceTree = "<group>";
		};
		972E886F27C60EB600E2BF94 /* UIMenuDemo */ = {
			isa = PBXGroup;
			children = (
				972E887027C60EB600E2BF94 /* AppDelegate.swift */,
				972E887227C60EB600E2BF94 /* SceneDelegate.swift */,
				972E887427C60EB600E2BF94 /* ViewController.swift */,
				972E887627C60EB600E2BF94 /* Main.storyboard */,
				972E887927C60EBB00E2BF94 /* Assets.xcassets */,
				972E887B27C60EBB00E2BF94 /* LaunchScreen.storyboard */,
				972E887E27C60EBB00E2BF94 /* Info.plist */,
			);
			path = UIMenuDemo;
			sourceTree = "<group>";
		};
		972E888627C60EBC00E2BF94 /* UIMenuDemoTests */ = {
			isa = PBXGroup;
			children = (
				972E888727C60EBC00E2BF94 /* UIMenuDemoTests.swift */,
			);
			path = UIMenuDemoTests;
			sourceTree = "<group>";
		};
		972E889027C60EBC00E2BF94 /* UIMenuDemoUITests */ = {
			isa = PBXGroup;
			children = (
				972E889127C60EBC00E2BF94 /* UIMenuDemoUITests.swift */,
				972E889327C60EBC00E2BF94 /* UIMenuDemoUITestsLaunchTests.swift */,
			);
			path = UIMenuDemoUITests;
			sourceTree = "<group>";
		};
/* End PBXGroup section */

/* Begin PBXNativeTarget section */
		972E886C27C60EB600E2BF94 /* UIMenuDemo */ = {
			isa = PBXNativeTarget;
			buildConfigurationList = 972E889727C60EBC00E2BF94 /* Build configuration list for PBXNativeTarget "UIMenuDemo" */;
			buildPhases = (
				972E886927C60EB600E2BF94 /* Sources */,
				972E886A27C60EB600E2BF94 /* Frameworks */,
				972E886B27C60EB600E2BF94 /* Resources */,
			);
			buildRules = (
			);
			dependencies = (
			);
			name = UIMenuDemo;
			productName = UIMenuDemo;
			productReference = 972E886D27C60EB600E2BF94 /* UIMenuDemo.app */;
			productType = "com.apple.product-type.application";
		};
		972E888227C60EBC00E2BF94 /* UIMenuDemoTests */ = {
			isa = PBXNativeTarget;
			buildConfigurationList = 972E889A27C60EBC00E2BF94 /* Build configuration list for PBXNativeTarget "UIMenuDemoTests" */;
			buildPhases = (
				972E887F27C60EBC00E2BF94 /* Sources */,
				972E888027C60EBC00E2BF94 /* Frameworks */,
				972E888127C60EBC00E2BF94 /* Resources */,
			);
			buildRules = (
			);
			dependencies = (
				972E888527C60EBC00E2BF94 /* PBXTargetDependency */,
			);
			name = UIMenuDemoTests;
			productName = UIMenuDemoTests;
			productReference = 972E888327C60EBC00E2BF94 /* UIMenuDemoTests.xctest */;
			productType = "com.apple.product-type.bundle.unit-test";
		};
		972E888C27C60EBC00E2BF94 /* UIMenuDemoUITests */ = {
			isa = PBXNativeTarget;
			buildConfigurationList = 972E889D27C60EBC00E2BF94 /* Build configuration list for PBXNativeTarget "UIMenuDemoUITests" */;
			buildPhases = (
				972E888927C60EBC00E2BF94 /* Sources */,
				972E888A27C60EBC00E2BF94 /* Frameworks */,
				972E888B27C60EBC00E2BF94 /* Resources */,
			);
			buildRules = (
			);
			dependencies = (
				972E888F27C60EBC00E2BF94 /* PBXTargetDependency */,
			);
			name = UIMenuDemoUITests;
			productName = UIMenuDemoUITests;
			productReference = 972E888D27C60EBC00E2BF94 /* UIMenuDemoUITests.xctest */;
			productType = "com.apple.product-type.bundle.ui-testing";
		};
/* End PBXNativeTarget section */

/* Begin PBXProject section */
		972E886527C60EB600E2BF94 /* Project object */ = {
			isa = PBXProject;
			attributes = {
				BuildIndependentTargetsInParallel = 1;
				LastSwiftUpdateCheck = 1320;
				LastUpgradeCheck = 1320;
				TargetAttributes = {
					972E886C27C60EB600E2BF94 = {
						CreatedOnToolsVersion = 13.2.1;
					};
					972E888227C60EBC00E2BF94 = {
						CreatedOnToolsVersion = 13.2.1;
						TestTargetID = 972E886C27C60EB600E2BF94;
					};
					972E888C27C60EBC00E2BF94 = {
						CreatedOnToolsVersion = 13.2.1;
						TestTargetID = 972E886C27C60EB600E2BF94;
					};
				};
			};
			buildConfigurationList = 972E886827C60EB600E2BF94 /* Build configuration list for PBXProject "UIMenuDemo" */;
			compatibilityVersion = "Xcode 13.0";
			developmentRegion = en;
			hasScannedForEncodings = 0;
			knownRegions = (
				en,
				Base,
			);
			mainGroup = 972E886427C60EB600E2BF94;
			productRefGroup = 972E886E27C60EB600E2BF94 /* Products */;
			projectDirPath = "";
			projectRoot = "";
			targets = (
				972E886C27C60EB600E2BF94 /* UIMenuDemo */,
				972E888227C60EBC00E2BF94 /* UIMenuDemoTests */,
				972E888C27C60EBC00E2BF94 /* UIMenuDemoUITests */,
			);
		};
/* End PBXProject section */

/* Begin PBXResourcesBuildPhase section */
		972E886B27C60EB600E2BF94 /* Resources */ = {
			isa = PBXResourcesBuildPhase;
			buildActionMask = 2147483647;
			files = (
				972E887D27C60EBB00E2BF94 /* LaunchScreen.storyboard in Resources */,
				972E887A27C60EBB00E2BF94 /* Assets.xcassets in Resources */,
				972E887827C60EB600E2BF94 /* Main.storyboard in Resources */,
			);
			runOnlyForDeploymentPostprocessing = 0;
		};
		972E888127C60EBC00E2BF94 /* Resources */ = {
			isa = PBXResourcesBuildPhase;
			buildActionMask = 2147483647;
			files = (
			);
			runOnlyForDeploymentPostprocessing = 0;
		};
		972E888B27C60EBC00E2BF94 /* Resources */ = {
			isa = PBXResourcesBuildPhase;
			buildActionMask = 2147483647;
			files = (
			);
			runOnlyForDeploymentPostprocessing = 0;
		};
/* End PBXResourcesBuildPhase section */

/* Begin PBXSourcesBuildPhase section */
		972E886927C60EB600E2BF94 /* Sources */ = {
			isa = PBXSourcesBuildPhase;
			buildActionMask = 2147483647;
			files = (
				972E887527C60EB600E2BF94 /* ViewController.swift in Sources */,
				972E887127C60EB600E2BF94 /* AppDelegate.swift in Sources */,
				972E887327C60EB600E2BF94 /* SceneDelegate.swift in Sources */,
			);
			runOnlyForDeploymentPostprocessing = 0;
		};
		972E887F27C60EBC00E2BF94 /* Sources */ = {
			isa = PBXSourcesBuildPhase;
			buildActionMask = 2147483647;
			files = (
				972E888827C60EBC00E2BF94 /* UIMenuDemoTests.swift in Sources */,
			);
			runOnlyForDeploymentPostprocessing = 0;
		};
		972E888927C60EBC00E2BF94 /* Sources */ = {
			isa = PBXSourcesBuildPhase;
			buildActionMask = 2147483647;
			files = (
				972E889427C60EBC00E2BF94 /* UIMenuDemoUITestsLaunchTests.swift in Sources */,
				972E889227C60EBC00E2BF94 /* UIMenuDemoUITests.swift in Sources */,
			);
			runOnlyForDeploymentPostprocessing = 0;
		};
/* End PBXSourcesBuildPhase section */

/* Begin PBXTargetDependency section */
		972E888527C60EBC00E2BF94 /* PBXTargetDependency */ = {
			isa = PBXTargetDependency;
			target = 972E886C27C60EB600E2BF94 /* UIMenuDemo */;
			targetProxy = 972E888427C60EBC00E2BF94 /* PBXContainerItemProxy */;
		};
		972E888F27C60EBC00E2BF94 /* PBXTargetDependency */ = {
			isa = PBXTargetDependency;
			target = 972E886C27C60EB600E2BF94 /* UIMenuDemo */;
			targetProxy = 972E888E27C60EBC00E2BF94 /* PBXContainerItemProxy */;
		};
/* End PBXTargetDependency section */

/* Begin PBXVariantGroup section */
		972E887627C60EB600E2BF94 /* Main.storyboard */ = {
			isa = PBXVariantGroup;
			children = (
				972E887727C60EB600E2BF94 /* Base */,
			);
			name = Main.storyboard;
			sourceTree = "<group>";
		};
		972E887B27C60EBB00E2BF94 /* LaunchScreen.storyboard */ = {
			isa = PBXVariantGroup;
			children = (
				972E887C27C60EBB00E2BF94 /* Base */,
			);
			name = LaunchScreen.storyboard;
			sourceTree = "<group>";
		};
/* End PBXVariantGroup section */

/* Begin XCBuildConfiguration section */
		972E889527C60EBC00E2BF94 /* Debug */ = {
			isa = XCBuildConfiguration;
			buildSettings = {
				ALWAYS_SEARCH_USER_PATHS = NO;
				CLANG_ANALYZER_NONNULL = YES;
				CLANG_ANALYZER_NUMBER_OBJECT_CONVERSION = YES_AGGRESSIVE;
				CLANG_CXX_LANGUAGE_STANDARD = "gnu++17";
				CLANG_CXX_LIBRARY = "libc++";
				CLANG_ENABLE_MODULES = YES;
				CLANG_ENABLE_OBJC_ARC = YES;
				CLANG_ENABLE_OBJC_WEAK = YES;
				CLANG_WARN_BLOCK_CAPTURE_AUTORELEASING = YES;
				CLANG_WARN_BOOL_CONVERSION = YES;
				CLANG_WARN_COMMA = YES;
				CLANG_WARN_CONSTANT_CONVERSION = YES;
				CLANG_WARN_DEPRECATED_OBJC_IMPLEMENTATIONS = YES;
				CLANG_WARN_DIRECT_OBJC_ISA_USAGE = YES_ERROR;
				CLANG_WARN_DOCUMENTATION_COMMENTS = YES;
				CLANG_WARN_EMPTY_BODY = YES;
				CLANG_WARN_ENUM_CONVERSION = YES;
				CLANG_WARN_INFINITE_RECURSION = YES;
				CLANG_WARN_INT_CONVERSION = YES;
				CLANG_WARN_NON_LITERAL_NULL_CONVERSION = YES;
				CLANG_WARN_OBJC_IMPLICIT_RETAIN_SELF = YES;
				CLANG_WARN_OBJC_LITERAL_CONVERSION = YES;
				CLANG_WARN_OBJC_ROOT_CLASS = YES_ERROR;
				CLANG_WARN_QUOTED_INCLUDE_IN_FRAMEWORK_HEADER = YES;
				CLANG_WARN_RANGE_LOOP_ANALYSIS = YES;
				CLANG_WARN_STRICT_PROTOTYPES = YES;
				CLANG_WARN_SUSPICIOUS_MOVE = YES;
				CLANG_WARN_UNGUARDED_AVAILABILITY = YES_AGGRESSIVE;
				CLANG_WARN_UNREACHABLE_CODE = YES;
				CLANG_WARN__DUPLICATE_METHOD_MATCH = YES;
				COPY_PHASE_STRIP = NO;
				DEBUG_INFORMATION_FORMAT = dwarf;
				ENABLE_STRICT_OBJC_MSGSEND = YES;
				ENABLE_TESTABILITY = YES;
				GCC_C_LANGUAGE_STANDARD = gnu11;
				GCC_DYNAMIC_NO_PIC = NO;
				GCC_NO_COMMON_BLOCKS = YES;
				GCC_OPTIMIZATION_LEVEL = 0;
				GCC_PREPROCESSOR_DEFINITIONS = (
					"DEBUG=1",
					"$(inherited)",
				);
				GCC_WARN_64_TO_32_BIT_CONVERSION = YES;
				GCC_WARN_ABOUT_RETURN_TYPE = YES_ERROR;
				GCC_WARN_UNDECLARED_SELECTOR = YES;
				GCC_WARN_UNINITIALIZED_AUTOS = YES_AGGRESSIVE;
				GCC_WARN_UNUSED_FUNCTION = YES;
				GCC_WARN_UNUSED_VARIABLE = YES;
				IPHONEOS_DEPLOYMENT_TARGET = 15.2;
				MTL_ENABLE_DEBUG_INFO = INCLUDE_SOURCE;
				MTL_FAST_MATH = YES;
				ONLY_ACTIVE_ARCH = YES;
				SDKROOT = iphoneos;
				SWIFT_ACTIVE_COMPILATION_CONDITIONS = DEBUG;
				SWIFT_OPTIMIZATION_LEVEL = "-Onone";
			};
			name = Debug;
		};
		972E889627C60EBC00E2BF94 /* Release */ = {
			isa = XCBuildConfiguration;
			buildSettings = {
				ALWAYS_SEARCH_USER_PATHS = NO;
				CLANG_ANALYZER_NONNULL = YES;
				CLANG_ANALYZER_NUMBER_OBJECT_CONVERSION = YES_AGGRESSIVE;
				CLANG_CXX_LANGUAGE_STANDARD = "gnu++17";
				CLANG_CXX_LIBRARY = "libc++";
				CLANG_ENABLE_MODULES = YES;
				CLANG_ENABLE_OBJC_ARC = YES;
				CLANG_ENABLE_OBJC_WEAK = YES;
				CLANG_WARN_BLOCK_CAPTURE_AUTORELEASING = YES;
				CLANG_WARN_BOOL_CONVERSION = YES;
				CLANG_WARN_COMMA = YES;
				CLANG_WARN_CONSTANT_CONVERSION = YES;
				CLANG_WARN_DEPRECATED_OBJC_IMPLEMENTATIONS = YES;
				CLANG_WARN_DIRECT_OBJC_ISA_USAGE = YES_ERROR;
				CLANG_WARN_DOCUMENTATION_COMMENTS = YES;
				CLANG_WARN_EMPTY_BODY = YES;
				CLANG_WARN_ENUM_CONVERSION = YES;
				CLANG_WARN_INFINITE_RECURSION = YES;
				CLANG_WARN_INT_CONVERSION = YES;
				CLANG_WARN_NON_LITERAL_NULL_CONVERSION = YES;
				CLANG_WARN_OBJC_IMPLICIT_RETAIN_SELF = YES;
				CLANG_WARN_OBJC_LITERAL_CONVERSION = YES;
				CLANG_WARN_OBJC_ROOT_CLASS = YES_ERROR;
				CLANG_WARN_QUOTED_INCLUDE_IN_FRAMEWORK_HEADER = YES;
				CLANG_WARN_RANGE_LOOP_ANALYSIS = YES;
				CLANG_WARN_STRICT_PROTOTYPES = YES;
				CLANG_WARN_SUSPICIOUS_MOVE = YES;
				CLANG_WARN_UNGUARDED_AVAILABILITY = YES_AGGRESSIVE;
				CLANG_WARN_UNREACHABLE_CODE = YES;
				CLANG_WARN__DUPLICATE_METHOD_MATCH = YES;
				COPY_PHASE_STRIP = NO;
				DEBUG_INFORMATION_FORMAT = "dwarf-with-dsym";
				ENABLE_NS_ASSERTIONS = NO;
				ENABLE_STRICT_OBJC_MSGSEND = YES;
				GCC_C_LANGUAGE_STANDARD = gnu11;
				GCC_NO_COMMON_BLOCKS = YES;
				GCC_WARN_64_TO_32_BIT_CONVERSION = YES;
				GCC_WARN_ABOUT_RETURN_TYPE = YES_ERROR;
				GCC_WARN_UNDECLARED_SELECTOR = YES;
				GCC_WARN_UNINITIALIZED_AUTOS = YES_AGGRESSIVE;
				GCC_WARN_UNUSED_FUNCTION = YES;
				GCC_WARN_UNUSED_VARIABLE = YES;
				IPHONEOS_DEPLOYMENT_TARGET = 15.2;
				MTL_ENABLE_DEBUG_INFO = NO;
				MTL_FAST_MATH = YES;
				SDKROOT = iphoneos;
				SWIFT_COMPILATION_MODE = wholemodule;
				SWIFT_OPTIMIZATION_LEVEL = "-O";
				VALIDATE_PRODUCT = YES;
			};
			name = Release;
		};
		972E889827C60EBC00E2BF94 /* Debug */ = {
			isa = XCBuildConfiguration;
			buildSettings = {
				ASSETCATALOG_COMPILER_APPICON_NAME = AppIcon;
				ASSETCATALOG_COMPILER_GLOBAL_ACCENT_COLOR_NAME = AccentColor;
				CODE_SIGN_STYLE = Automatic;
				CURRENT_PROJECT_VERSION = 1;
				DEVELOPMENT_TEAM = E443GH277D;
				GENERATE_INFOPLIST_FILE = YES;
				INFOPLIST_FILE = UIMenuDemo/Info.plist;
				INFOPLIST_KEY_UIApplicationSupportsIndirectInputEvents = YES;
				INFOPLIST_KEY_UILaunchStoryboardName = LaunchScreen;
				INFOPLIST_KEY_UIMainStoryboardFile = Main;
				INFOPLIST_KEY_UISupportedInterfaceOrientations_iPad = "UIInterfaceOrientationPortrait UIInterfaceOrientationPortraitUpsideDown UIInterfaceOrientationLandscapeLeft UIInterfaceOrientationLandscapeRight";
				INFOPLIST_KEY_UISupportedInterfaceOrientations_iPhone = "UIInterfaceOrientationPortrait UIInterfaceOrientationLandscapeLeft UIInterfaceOrientationLandscapeRight";
				IPHONEOS_DEPLOYMENT_TARGET = 13.0;
				LD_RUNPATH_SEARCH_PATHS = (
					"$(inherited)",
					"@executable_path/Frameworks",
				);
				MARKETING_VERSION = 1.0;
				PRODUCT_BUNDLE_IDENTIFIER = com.shein.UIMenuDemo;
				PRODUCT_NAME = "$(TARGET_NAME)";
				SWIFT_EMIT_LOC_STRINGS = YES;
				SWIFT_VERSION = 5.0;
				TARGETED_DEVICE_FAMILY = "1,2";
			};
			name = Debug;
		};
		972E889927C60EBC00E2BF94 /* Release */ = {
			isa = XCBuildConfiguration;
			buildSettings = {
				ASSETCATALOG_COMPILER_APPICON_NAME = AppIcon;
				ASSETCATALOG_COMPILER_GLOBAL_ACCENT_COLOR_NAME = AccentColor;
				CODE_SIGN_STYLE = Automatic;
				CURRENT_PROJECT_VERSION = 1;
				DEVELOPMENT_TEAM = E443GH277D;
				GENERATE_INFOPLIST_FILE = YES;
				INFOPLIST_FILE = UIMenuDemo/Info.plist;
				INFOPLIST_KEY_UIApplicationSupportsIndirectInputEvents = YES;
				INFOPLIST_KEY_UILaunchStoryboardName = LaunchScreen;
				INFOPLIST_KEY_UIMainStoryboardFile = Main;
				INFOPLIST_KEY_UISupportedInterfaceOrientations_iPad = "UIInterfaceOrientationPortrait UIInterfaceOrientationPortraitUpsideDown UIInterfaceOrientationLandscapeLeft UIInterfaceOrientationLandscapeRight";
				INFOPLIST_KEY_UISupportedInterfaceOrientations_iPhone = "UIInterfaceOrientationPortrait UIInterfaceOrientationLandscapeLeft UIInterfaceOrientationLandscapeRight";
				IPHONEOS_DEPLOYMENT_TARGET = 13.0;
				LD_RUNPATH_SEARCH_PATHS = (
					"$(inherited)",
					"@executable_path/Frameworks",
				);
				MARKETING_VERSION = 1.0;
				PRODUCT_BUNDLE_IDENTIFIER = com.shein.UIMenuDemo;
				PRODUCT_NAME = "$(TARGET_NAME)";
				SWIFT_EMIT_LOC_STRINGS = YES;
				SWIFT_VERSION = 5.0;
				TARGETED_DEVICE_FAMILY = "1,2";
			};
			name = Release;
		};
		972E889B27C60EBC00E2BF94 /* Debug */ = {
			isa = XCBuildConfiguration;
			buildSettings = {
				ALWAYS_EMBED_SWIFT_STANDARD_LIBRARIES = YES;
				BUNDLE_LOADER = "$(TEST_HOST)";
				CODE_SIGN_STYLE = Automatic;
				CURRENT_PROJECT_VERSION = 1;
				DEVELOPMENT_TEAM = E443GH277D;
				GENERATE_INFOPLIST_FILE = YES;
				IPHONEOS_DEPLOYMENT_TARGET = 15.2;
				MARKETING_VERSION = 1.0;
				PRODUCT_BUNDLE_IDENTIFIER = com.shein.UIMenuDemoTests;
				PRODUCT_NAME = "$(TARGET_NAME)";
				SWIFT_EMIT_LOC_STRINGS = NO;
				SWIFT_VERSION = 5.0;
				TARGETED_DEVICE_FAMILY = "1,2";
				TEST_HOST = "$(BUILT_PRODUCTS_DIR)/UIMenuDemo.app/UIMenuDemo";
			};
			name = Debug;
		};
		972E889C27C60EBC00E2BF94 /* Release */ = {
			isa = XCBuildConfiguration;
			buildSettings = {
				ALWAYS_EMBED_SWIFT_STANDARD_LIBRARIES = YES;
				BUNDLE_LOADER = "$(TEST_HOST)";
				CODE_SIGN_STYLE = Automatic;
				CURRENT_PROJECT_VERSION = 1;
				DEVELOPMENT_TEAM = E443GH277D;
				GENERATE_INFOPLIST_FILE = YES;
				IPHONEOS_DEPLOYMENT_TARGET = 15.2;
				MARKETING_VERSION = 1.0;
				PRODUCT_BUNDLE_IDENTIFIER = com.shein.UIMenuDemoTests;
				PRODUCT_NAME = "$(TARGET_NAME)";
				SWIFT_EMIT_LOC_STRINGS = NO;
				SWIFT_VERSION = 5.0;
				TARGETED_DEVICE_FAMILY = "1,2";
				TEST_HOST = "$(BUILT_PRODUCTS_DIR)/UIMenuDemo.app/UIMenuDemo";
			};
			name = Release;
		};
		972E889E27C60EBC00E2BF94 /* Debug */ = {
			isa = XCBuildConfiguration;
			buildSettings = {
				ALWAYS_EMBED_SWIFT_STANDARD_LIBRARIES = YES;
				CODE_SIGN_STYLE = Automatic;
				CURRENT_PROJECT_VERSION = 1;
				DEVELOPMENT_TEAM = E443GH277D;
				GENERATE_INFOPLIST_FILE = YES;
				MARKETING_VERSION = 1.0;
				PRODUCT_BUNDLE_IDENTIFIER = com.shein.UIMenuDemoUITests;
				PRODUCT_NAME = "$(TARGET_NAME)";
				SWIFT_EMIT_LOC_STRINGS = NO;
				SWIFT_VERSION = 5.0;
				TARGETED_DEVICE_FAMILY = "1,2";
				TEST_TARGET_NAME = UIMenuDemo;
			};
			name = Debug;
		};
		972E889F27C60EBC00E2BF94 /* Release */ = {
			isa = XCBuildConfiguration;
			buildSettings = {
				ALWAYS_EMBED_SWIFT_STANDARD_LIBRARIES = YES;
				CODE_SIGN_STYLE = Automatic;
				CURRENT_PROJECT_VERSION = 1;
				DEVELOPMENT_TEAM = E443GH277D;
				GENERATE_INFOPLIST_FILE = YES;
				MARKETING_VERSION = 1.0;
				PRODUCT_BUNDLE_IDENTIFIER = com.shein.UIMenuDemoUITests;
				PRODUCT_NAME = "$(TARGET_NAME)";
				SWIFT_EMIT_LOC_STRINGS = NO;
				SWIFT_VERSION = 5.0;
				TARGETED_DEVICE_FAMILY = "1,2";
				TEST_TARGET_NAME = UIMenuDemo;
			};
			name = Release;
		};
/* End XCBuildConfiguration section */

/* Begin XCConfigurationList section */
		972E886827C60EB600E2BF94 /* Build configuration list for PBXProject "UIMenuDemo" */ = {
			isa = XCConfigurationList;
			buildConfigurations = (
				972E889527C60EBC00E2BF94 /* Debug */,
				972E889627C60EBC00E2BF94 /* Release */,
			);
			defaultConfigurationIsVisible = 0;
			defaultConfigurationName = Release;
		};
		972E889727C60EBC00E2BF94 /* Build configuration list for PBXNativeTarget "UIMenuDemo" */ = {
			isa = XCConfigurationList;
			buildConfigurations = (
				972E889827C60EBC00E2BF94 /* Debug */,
				972E889927C60EBC00E2BF94 /* Release */,
			);
			defaultConfigurationIsVisible = 0;
			defaultConfigurationName = Release;
		};
		972E889A27C60EBC00E2BF94 /* Build configuration list for PBXNativeTarget "UIMenuDemoTests" */ = {
			isa = XCConfigurationList;
			buildConfigurations = (
				972E889B27C60EBC00E2BF94 /* Debug */,
				972E889C27C60EBC00E2BF94 /* Release */,
			);
			defaultConfigurationIsVisible = 0;
			defaultConfigurationName = Release;
		};
		972E889D27C60EBC00E2BF94 /* Build configuration list for PBXNativeTarget "UIMenuDemoUITests" */ = {
			isa = XCConfigurationList;
			buildConfigurations = (
				972E889E27C60EBC00E2BF94 /* Debug */,
				972E889F27C60EBC00E2BF94 /* Release */,
			);
			defaultConfigurationIsVisible = 0;
			defaultConfigurationName = Release;
		};
/* End XCConfigurationList section */
	};
	rootObject = 972E886527C60EB600E2BF94 /* Project object */;
}
